
Microsoft Visual Studio Solution File, Format Version 12.00
# Visual Studio for Mac
Project("{FAE04EC0-301F-11D3-BF4B-00C04F79EFBC}") = "Assembly-CSharp", "Assembly-CSharp.csproj", "{773DEC57-FBFC-03A1-6773-5A300D2CA040}"
EndProject
Project("{FAE04EC0-301F-11D3-BF4B-00C04F79EFBC}") = "Assembly-CSharp-Editor", "Assembly-CSharp-Editor.csproj", "{F301B451-5F1C-9951-1E1C-8203FCE93F06}"
EndProject
Global
	GlobalSection(SolutionConfigurationPlatforms) = preSolution
		Debug|Any CPU = Debug|Any CPU
		Release|Any CPU = Release|Any CPU
	EndGlobalSection
	GlobalSection(ProjectConfigurationPlatforms) = postSolution
		{773DEC57-FBFC-03A1-6773-5A300D2CA040}.Debug|Any CPU.ActiveCfg = Debug|Any CPU
		{773DEC57-FBFC-03A1-6773-5A300D2CA040}.Debug|Any CPU.Build.0 = Debug|Any CPU
		{773DEC57-FBFC-03A1-6773-5A300D2CA040}.Release|Any CPU.ActiveCfg = Release|Any CPU
		{773DEC57-FBFC-03A1-6773-5A300D2CA040}.Release|Any CPU.Build.0 = Release|Any CPU
		{F301B451-5F1C-9951-1E1C-8203FCE93F06}.Debug|Any CPU.ActiveCfg = Debug|Any CPU
		{F301B451-5F1C-9951-1E1C-8203FCE93F06}.Debug|Any CPU.Build.0 = Debug|Any CPU
		{F301B451-5F1C-9951-1E1C-8203FCE93F06}.Release|Any CPU.ActiveCfg = Release|Any CPU
		{F301B451-5F1C-9951-1E1C-8203FCE93F06}.Release|Any CPU.Build.0 = Release|Any CPU
	EndGlobalSection
	GlobalSection(SolutionProperties) = preSolution
		HideSolutionNode = FALSE
	EndGlobalSection
EndGlobal
